// !$*UTF8*$!
{
	archiveVersion = 1;
	classes = {
	};
	objectVersion = 56;
	objects = {

/* Begin PBXBuildFile section */
		09128911F739E8E43C714374 /* Pods_BitriseSample.framework in Frameworks */ = {isa = PBXBuildFile; fileRef = ACE53D4EBFF728AF26E34148 /* Pods_BitriseSample.framework */; };
		4471FCA8073C076921CA8005 /* Pods_BitriseSampleTests.framework in Frameworks */ = {isa = PBXBuildFile; fileRef = 29851FE84EA7FE2C0446B92A /* Pods_BitriseSampleTests.framework */; };
		A4E214DE298FC3B600CEF4FF /* BitriseSampleApp.swift in Sources */ = {isa = PBXBuildFile; fileRef = A4E214DD298FC3B600CEF4FF /* BitriseSampleApp.swift */; };
		A4E214E0298FC3B600CEF4FF /* ContentView.swift in Sources */ = {isa = PBXBuildFile; fileRef = A4E214DF298FC3B600CEF4FF /* ContentView.swift */; };
		A4E214E2298FC3B700CEF4FF /* Assets.xcassets in Resources */ = {isa = PBXBuildFile; fileRef = A4E214E1298FC3B700CEF4FF /* Assets.xcassets */; };
		A4E214E5298FC3B700CEF4FF /* Preview Assets.xcassets in Resources */ = {isa = PBXBuildFile; fileRef = A4E214E4298FC3B700CEF4FF /* Preview Assets.xcassets */; };
		A4E214F2298FC3DB00CEF4FF /* BitriseSampleTests.swift in Sources */ = {isa = PBXBuildFile; fileRef = A4E214F1298FC3DB00CEF4FF /* BitriseSampleTests.swift */; };
/* End PBXBuildFile section */

/* Begin PBXContainerItemProxy section */
		A4E214F3298FC3DB00CEF4FF /* PBXContainerItemProxy */ = {
			isa = PBXContainerItemProxy;
			containerPortal = A4E214D2298FC3B600CEF4FF /* Project object */;
			proxyType = 1;
			remoteGlobalIDString = A4E214D9298FC3B600CEF4FF;
			remoteInfo = BitriseSample;
		};
/* End PBXContainerItemProxy section */

/* Begin PBXFileReference section */
		29851FE84EA7FE2C0446B92A /* Pods_BitriseSampleTests.framework */ = {isa = PBXFileReference; explicitFileType = wrapper.framework; includeInIndex = 0; path = Pods_BitriseSampleTests.framework; sourceTree = BUILT_PRODUCTS_DIR; };
		88FD3A71BCB169BEC7197F49 /* Pods-BitriseSample.release.xcconfig */ = {isa = PBXFileReference; includeInIndex = 1; lastKnownFileType = text.xcconfig; name = "Pods-BitriseSample.release.xcconfig"; path = "Target Support Files/Pods-BitriseSample/Pods-BitriseSample.release.xcconfig"; sourceTree = "<group>"; };
		95196682BFA84B5DFB9EF870 /* Pods-BitriseSampleTests.debug.xcconfig */ = {isa = PBXFileReference; includeInIndex = 1; lastKnownFileType = text.xcconfig; name = "Pods-BitriseSampleTests.debug.xcconfig"; path = "Target Support Files/Pods-BitriseSampleTests/Pods-BitriseSampleTests.debug.xcconfig"; sourceTree = "<group>"; };
		A4E214DA298FC3B600CEF4FF /* BitriseSample.app */ = {isa = PBXFileReference; explicitFileType = wrapper.application; includeInIndex = 0; path = BitriseSample.app; sourceTree = BUILT_PRODUCTS_DIR; };
		A4E214DD298FC3B600CEF4FF /* BitriseSampleApp.swift */ = {isa = PBXFileReference; lastKnownFileType = sourcecode.swift; path = BitriseSampleApp.swift; sourceTree = "<group>"; };
		A4E214DF298FC3B600CEF4FF /* ContentView.swift */ = {isa = PBXFileReference; lastKnownFileType = sourcecode.swift; path = ContentView.swift; sourceTree = "<group>"; };
		A4E214E1298FC3B700CEF4FF /* Assets.xcassets */ = {isa = PBXFileReference; lastKnownFileType = folder.assetcatalog; path = Assets.xcassets; sourceTree = "<group>"; };
		A4E214E4298FC3B700CEF4FF /* Preview Assets.xcassets */ = {isa = PBXFileReference; lastKnownFileType = folder.assetcatalog; path = "Preview Assets.xcassets"; sourceTree = "<group>"; };
		A4E214EF298FC3DB00CEF4FF /* BitriseSampleTests.xctest */ = {isa = PBXFileReference; explicitFileType = wrapper.cfbundle; includeInIndex = 0; path = BitriseSampleTests.xctest; sourceTree = BUILT_PRODUCTS_DIR; };
		A4E214F1298FC3DB00CEF4FF /* BitriseSampleTests.swift */ = {isa = PBXFileReference; lastKnownFileType = sourcecode.swift; path = BitriseSampleTests.swift; sourceTree = "<group>"; };
		ACE53D4EBFF728AF26E34148 /* Pods_BitriseSample.framework */ = {isa = PBXFileReference; explicitFileType = wrapper.framework; includeInIndex = 0; path = Pods_BitriseSample.framework; sourceTree = BUILT_PRODUCTS_DIR; };
		C16C1D8BB4F112FDDC22E744 /* Pods-BitriseSample.debug.xcconfig */ = {isa = PBXFileReference; includeInIndex = 1; lastKnownFileType = text.xcconfig; name = "Pods-BitriseSample.debug.xcconfig"; path = "Target Support Files/Pods-BitriseSample/Pods-BitriseSample.debug.xcconfig"; sourceTree = "<group>"; };
		CE4FE3C3672F4296F390FC77 /* Pods-BitriseSampleTests.release.xcconfig */ = {isa = PBXFileReference; includeInIndex = 1; lastKnownFileType = text.xcconfig; name = "Pods-BitriseSampleTests.release.xcconfig"; path = "Target Support Files/Pods-BitriseSampleTests/Pods-BitriseSampleTests.release.xcconfig"; sourceTree = "<group>"; };
/* End PBXFileReference section */

/* Begin PBXFrameworksBuildPhase section */
		A4E214D7298FC3B600CEF4FF /* Frameworks */ = {
			isa = PBXFrameworksBuildPhase;
			buildActionMask = 2147483647;
			files = (
				09128911F739E8E43C714374 /* Pods_BitriseSample.framework in Frameworks */,
			);
			runOnlyForDeploymentPostprocessing = 0;
		};
		A4E214EC298FC3DB00CEF4FF /* Frameworks */ = {
			isa = PBXFrameworksBuildPhase;
			buildActionMask = 2147483647;
			files = (
				4471FCA8073C076921CA8005 /* Pods_BitriseSampleTests.framework in Frameworks */,
			);
			runOnlyForDeploymentPostprocessing = 0;
		};
/* End PBXFrameworksBuildPhase section */

/* Begin PBXGroup section */
		2706B6AEC67DA89E941DB5A8 /* Frameworks */ = {
			isa = PBXGroup;
			children = (
				ACE53D4EBFF728AF26E34148 /* Pods_BitriseSample.framework */,
				29851FE84EA7FE2C0446B92A /* Pods_BitriseSampleTests.framework */,
			);
			name = Frameworks;
			sourceTree = "<group>";
		};
		5BB164C2D5136B2AB2946B6E /* Pods */ = {
			isa = PBXGroup;
			children = (
				C16C1D8BB4F112FDDC22E744 /* Pods-BitriseSample.debug.xcconfig */,
				88FD3A71BCB169BEC7197F49 /* Pods-BitriseSample.release.xcconfig */,
				95196682BFA84B5DFB9EF870 /* Pods-BitriseSampleTests.debug.xcconfig */,
				CE4FE3C3672F4296F390FC77 /* Pods-BitriseSampleTests.release.xcconfig */,
			);
			name = Pods;
			path = Pods;
			sourceTree = "<group>";
		};
		A4E214D1298FC3B600CEF4FF = {
			isa = PBXGroup;
			children = (
				A4E214DC298FC3B600CEF4FF /* BitriseSample */,
				A4E214F0298FC3DB00CEF4FF /* BitriseSampleTests */,
				A4E214DB298FC3B600CEF4FF /* Products */,
				5BB164C2D5136B2AB2946B6E /* Pods */,
				2706B6AEC67DA89E941DB5A8 /* Frameworks */,
			);
			sourceTree = "<group>";
		};
		A4E214DB298FC3B600CEF4FF /* Products */ = {
			isa = PBXGroup;
			children = (
				A4E214DA298FC3B600CEF4FF /* BitriseSample.app */,
				A4E214EF298FC3DB00CEF4FF /* BitriseSampleTests.xctest */,
			);
			name = Products;
			sourceTree = "<group>";
		};
		A4E214DC298FC3B600CEF4FF /* BitriseSample */ = {
			isa = PBXGroup;
			children = (
				A4E214DD298FC3B600CEF4FF /* BitriseSampleApp.swift */,
				A4E214DF298FC3B600CEF4FF /* ContentView.swift */,
				A4E214E1298FC3B700CEF4FF /* Assets.xcassets */,
				A4E214E3298FC3B700CEF4FF /* Preview Content */,
			);
			path = BitriseSample;
			sourceTree = "<group>";
		};
		A4E214E3298FC3B700CEF4FF /* Preview Content */ = {
			isa = PBXGroup;
			children = (
				A4E214E4298FC3B700CEF4FF /* Preview Assets.xcassets */,
			);
			path = "Preview Content";
			sourceTree = "<group>";
		};
		A4E214F0298FC3DB00CEF4FF /* BitriseSampleTests */ = {
			isa = PBXGroup;
			children = (
				A4E214F1298FC3DB00CEF4FF /* BitriseSampleTests.swift */,
			);
			path = BitriseSampleTests;
			sourceTree = "<group>";
		};
/* End PBXGroup section */

/* Begin PBXNativeTarget section */
		A4E214D9298FC3B600CEF4FF /* BitriseSample */ = {
			isa = PBXNativeTarget;
			buildConfigurationList = A4E214E8298FC3B700CEF4FF /* Build configuration list for PBXNativeTarget "BitriseSample" */;
			buildPhases = (
				8C873D7CF3B8410405130B66 /* [CP] Check Pods Manifest.lock */,
				A4E214D6298FC3B600CEF4FF /* Sources */,
				A4E214D7298FC3B600CEF4FF /* Frameworks */,
				A4E214D8298FC3B600CEF4FF /* Resources */,
				6FD16CFCE95FC923CC5EF676 /* [CP] Embed Pods Frameworks */,
			);
			buildRules = (
			);
			dependencies = (
			);
			name = BitriseSample;
			productName = BitriseSample;
			productReference = A4E214DA298FC3B600CEF4FF /* BitriseSample.app */;
			productType = "com.apple.product-type.application";
		};
		A4E214EE298FC3DB00CEF4FF /* BitriseSampleTests */ = {
			isa = PBXNativeTarget;
			buildConfigurationList = A4E214F5298FC3DB00CEF4FF /* Build configuration list for PBXNativeTarget "BitriseSampleTests" */;
			buildPhases = (
				04C13447665CD17516768E0D /* [CP] Check Pods Manifest.lock */,
				A4E214EB298FC3DB00CEF4FF /* Sources */,
				A4E214EC298FC3DB00CEF4FF /* Frameworks */,
				A4E214ED298FC3DB00CEF4FF /* Resources */,
			);
			buildRules = (
			);
			dependencies = (
				A4E214F4298FC3DB00CEF4FF /* PBXTargetDependency */,
			);
			name = BitriseSampleTests;
			productName = BitriseSampleTests;
			productReference = A4E214EF298FC3DB00CEF4FF /* BitriseSampleTests.xctest */;
			productType = "com.apple.product-type.bundle.unit-test";
		};
/* End PBXNativeTarget section */

/* Begin PBXProject section */
		A4E214D2298FC3B600CEF4FF /* Project object */ = {
			isa = PBXProject;
			attributes = {
				BuildIndependentTargetsInParallel = 1;
				LastSwiftUpdateCheck = 1400;
				LastUpgradeCheck = 1400;
				TargetAttributes = {
					A4E214D9298FC3B600CEF4FF = {
						CreatedOnToolsVersion = 14.0;
					};
					A4E214EE298FC3DB00CEF4FF = {
						CreatedOnToolsVersion = 14.0;
						TestTargetID = A4E214D9298FC3B600CEF4FF;
					};
				};
			};
			buildConfigurationList = A4E214D5298FC3B600CEF4FF /* Build configuration list for PBXProject "BitriseSample" */;
			compatibilityVersion = "Xcode 14.0";
			developmentRegion = en;
			hasScannedForEncodings = 0;
			knownRegions = (
				en,
				Base,
			);
			mainGroup = A4E214D1298FC3B600CEF4FF;
			productRefGroup = A4E214DB298FC3B600CEF4FF /* Products */;
			projectDirPath = "";
			projectRoot = "";
			targets = (
				A4E214D9298FC3B600CEF4FF /* BitriseSample */,
				A4E214EE298FC3DB00CEF4FF /* BitriseSampleTests */,
			);
		};
/* End PBXProject section */

/* Begin PBXResourcesBuildPhase section */
		A4E214D8298FC3B600CEF4FF /* Resources */ = {
			isa = PBXResourcesBuildPhase;
			buildActionMask = 2147483647;
			files = (
				A4E214E5298FC3B700CEF4FF /* Preview Assets.xcassets in Resources */,
				A4E214E2298FC3B700CEF4FF /* Assets.xcassets in Resources */,
			);
			runOnlyForDeploymentPostprocessing = 0;
		};
		A4E214ED298FC3DB00CEF4FF /* Resources */ = {
			isa = PBXResourcesBuildPhase;
			buildActionMask = 2147483647;
			files = (
			);
			runOnlyForDeploymentPostprocessing = 0;
		};
/* End PBXResourcesBuildPhase section */

/* Begin PBXShellScriptBuildPhase section */
		04C13447665CD17516768E0D /* [CP] Check Pods Manifest.lock */ = {
			isa = PBXShellScriptBuildPhase;
			buildActionMask = 2147483647;
			files = (
			);
			inputFileListPaths = (
			);
			inputPaths = (
				"${PODS_PODFILE_DIR_PATH}/Podfile.lock",
				"${PODS_ROOT}/Manifest.lock",
			);
			name = "[CP] Check Pods Manifest.lock";
			outputFileListPaths = (
			);
			outputPaths = (
				"$(DERIVED_FILE_DIR)/Pods-BitriseSampleTests-checkManifestLockResult.txt",
			);
			runOnlyForDeploymentPostprocessing = 0;
			shellPath = /bin/sh;
			shellScript = "diff \"${PODS_PODFILE_DIR_PATH}/Podfile.lock\" \"${PODS_ROOT}/Manifest.lock\" > /dev/null\nif [ $? != 0 ] ; then\n    # print error to STDERR\n    echo \"error: The sandbox is not in sync with the Podfile.lock. Run 'pod install' or update your CocoaPods installation.\" >&2\n    exit 1\nfi\n# This output is used by Xcode 'outputs' to avoid re-running this script phase.\necho \"SUCCESS\" > \"${SCRIPT_OUTPUT_FILE_0}\"\n";
			showEnvVarsInLog = 0;
		};
		6FD16CFCE95FC923CC5EF676 /* [CP] Embed Pods Frameworks */ = {
			isa = PBXShellScriptBuildPhase;
			buildActionMask = 2147483647;
			files = (
			);
			inputFileListPaths = (
				"${PODS_ROOT}/Target Support Files/Pods-BitriseSample/Pods-BitriseSample-frameworks-${CONFIGURATION}-input-files.xcfilelist",
			);
			name = "[CP] Embed Pods Frameworks";
			outputFileListPaths = (
				"${PODS_ROOT}/Target Support Files/Pods-BitriseSample/Pods-BitriseSample-frameworks-${CONFIGURATION}-output-files.xcfilelist",
			);
			runOnlyForDeploymentPostprocessing = 0;
			shellPath = /bin/sh;
			shellScript = "\"${PODS_ROOT}/Target Support Files/Pods-BitriseSample/Pods-BitriseSample-frameworks.sh\"\n";
			showEnvVarsInLog = 0;
		};
		8C873D7CF3B8410405130B66 /* [CP] Check Pods Manifest.lock */ = {
			isa = PBXShellScriptBuildPhase;
			buildActionMask = 2147483647;
			files = (
			);
			inputFileListPaths = (
			);
			inputPaths = (
				"${PODS_PODFILE_DIR_PATH}/Podfile.lock",
				"${PODS_ROOT}/Manifest.lock",
			);
			name = "[CP] Check Pods Manifest.lock";
			outputFileListPaths = (
			);
			outputPaths = (
				"$(DERIVED_FILE_DIR)/Pods-BitriseSample-checkManifestLockResult.txt",
			);
			runOnlyForDeploymentPostprocessing = 0;
			shellPath = /bin/sh;
			shellScript = "diff \"${PODS_PODFILE_DIR_PATH}/Podfile.lock\" \"${PODS_ROOT}/Manifest.lock\" > /dev/null\nif [ $? != 0 ] ; then\n    # print error to STDERR\n    echo \"error: The sandbox is not in sync with the Podfile.lock. Run 'pod install' or update your CocoaPods installation.\" >&2\n    exit 1\nfi\n# This output is used by Xcode 'outputs' to avoid re-running this script phase.\necho \"SUCCESS\" > \"${SCRIPT_OUTPUT_FILE_0}\"\n";
			showEnvVarsInLog = 0;
		};
/* End PBXShellScriptBuildPhase section */

/* Begin PBXSourcesBuildPhase section */
		A4E214D6298FC3B600CEF4FF /* Sources */ = {
			isa = PBXSourcesBuildPhase;
			buildActionMask = 2147483647;
			files = (
				A4E214E0298FC3B600CEF4FF /* ContentView.swift in Sources */,
				A4E214DE298FC3B600CEF4FF /* BitriseSampleApp.swift in Sources */,
			);
			runOnlyForDeploymentPostprocessing = 0;
		};
		A4E214EB298FC3DB00CEF4FF /* Sources */ = {
			isa = PBXSourcesBuildPhase;
			buildActionMask = 2147483647;
			files = (
				A4E214F2298FC3DB00CEF4FF /* BitriseSampleTests.swift in Sources */,
			);
			runOnlyForDeploymentPostprocessing = 0;
		};
/* End PBXSourcesBuildPhase section */

/* Begin PBXTargetDependency section */
		A4E214F4298FC3DB00CEF4FF /* PBXTargetDependency */ = {
			isa = PBXTargetDependency;
			target = A4E214D9298FC3B600CEF4FF /* BitriseSample */;
			targetProxy = A4E214F3298FC3DB00CEF4FF /* PBXContainerItemProxy */;
		};
/* End PBXTargetDependency section */

/* Begin XCBuildConfiguration section */
		A4E214E6298FC3B700CEF4FF /* Debug */ = {
			isa = XCBuildConfiguration;
			buildSettings = {
				ALWAYS_SEARCH_USER_PATHS = NO;
				CLANG_ANALYZER_NONNULL = YES;
				CLANG_ANALYZER_NUMBER_OBJECT_CONVERSION = YES_AGGRESSIVE;
				CLANG_CXX_LANGUAGE_STANDARD = "gnu++20";
				CLANG_ENABLE_MODULES = YES;
				CLANG_ENABLE_OBJC_ARC = YES;
				CLANG_ENABLE_OBJC_WEAK = YES;
				CLANG_WARN_BLOCK_CAPTURE_AUTORELEASING = YES;
				CLANG_WARN_BOOL_CONVERSION = YES;
				CLANG_WARN_COMMA = YES;
				CLANG_WARN_CONSTANT_CONVERSION = YES;
				CLANG_WARN_DEPRECATED_OBJC_IMPLEMENTATIONS = YES;
				CLANG_WARN_DIRECT_OBJC_ISA_USAGE = YES_ERROR;
				CLANG_WARN_DOCUMENTATION_COMMENTS = YES;
				CLANG_WARN_EMPTY_BODY = YES;
				CLANG_WARN_ENUM_CONVERSION = YES;
				CLANG_WARN_INFINITE_RECURSION = YES;
				CLANG_WARN_INT_CONVERSION = YES;
				CLANG_WARN_NON_LITERAL_NULL_CONVERSION = YES;
				CLANG_WARN_OBJC_IMPLICIT_RETAIN_SELF = YES;
				CLANG_WARN_OBJC_LITERAL_CONVERSION = YES;
				CLANG_WARN_OBJC_ROOT_CLASS = YES_ERROR;
				CLANG_WARN_QUOTED_INCLUDE_IN_FRAMEWORK_HEADER = YES;
				CLANG_WARN_RANGE_LOOP_ANALYSIS = YES;
				CLANG_WARN_STRICT_PROTOTYPES = YES;
				CLANG_WARN_SUSPICIOUS_MOVE = YES;
				CLANG_WARN_UNGUARDED_AVAILABILITY = YES_AGGRESSIVE;
				CLANG_WARN_UNREACHABLE_CODE = YES;
				CLANG_WARN__DUPLICATE_METHOD_MATCH = YES;
				COPY_PHASE_STRIP = NO;
				DEBUG_INFORMATION_FORMAT = dwarf;
				ENABLE_STRICT_OBJC_MSGSEND = YES;
				ENABLE_TESTABILITY = YES;
				GCC_C_LANGUAGE_STANDARD = gnu11;
				GCC_DYNAMIC_NO_PIC = NO;
				GCC_NO_COMMON_BLOCKS = YES;
				GCC_OPTIMIZATION_LEVEL = 0;
				GCC_PREPROCESSOR_DEFINITIONS = (
					"DEBUG=1",
					"$(inherited)",
				);
				GCC_WARN_64_TO_32_BIT_CONVERSION = YES;
				GCC_WARN_ABOUT_RETURN_TYPE = YES_ERROR;
				GCC_WARN_UNDECLARED_SELECTOR = YES;
				GCC_WARN_UNINITIALIZED_AUTOS = YES_AGGRESSIVE;
				GCC_WARN_UNUSED_FUNCTION = YES;
				GCC_WARN_UNUSED_VARIABLE = YES;
				IPHONEOS_DEPLOYMENT_TARGET = 16.0;
				MTL_ENABLE_DEBUG_INFO = INCLUDE_SOURCE;
				MTL_FAST_MATH = YES;
				ONLY_ACTIVE_ARCH = YES;
				SDKROOT = iphoneos;
				SWIFT_ACTIVE_COMPILATION_CONDITIONS = DEBUG;
				SWIFT_OPTIMIZATION_LEVEL = "-Onone";
			};
			name = Debug;
		};
		A4E214E7298FC3B700CEF4FF /* Release */ = {
			isa = XCBuildConfiguration;
			buildSettings = {
				ALWAYS_SEARCH_USER_PATHS = NO;
				CLANG_ANALYZER_NONNULL = YES;
				CLANG_ANALYZER_NUMBER_OBJECT_CONVERSION = YES_AGGRESSIVE;
				CLANG_CXX_LANGUAGE_STANDARD = "gnu++20";
				CLANG_ENABLE_MODULES = YES;
				CLANG_ENABLE_OBJC_ARC = YES;
				CLANG_ENABLE_OBJC_WEAK = YES;
				CLANG_WARN_BLOCK_CAPTURE_AUTORELEASING = YES;
				CLANG_WARN_BOOL_CONVERSION = YES;
				CLANG_WARN_COMMA = YES;
				CLANG_WARN_CONSTANT_CONVERSION = YES;
				CLANG_WARN_DEPRECATED_OBJC_IMPLEMENTATIONS = YES;
				CLANG_WARN_DIRECT_OBJC_ISA_USAGE = YES_ERROR;
				CLANG_WARN_DOCUMENTATION_COMMENTS = YES;
				CLANG_WARN_EMPTY_BODY = YES;
				CLANG_WARN_ENUM_CONVERSION = YES;
				CLANG_WARN_INFINITE_RECURSION = YES;
				CLANG_WARN_INT_CONVERSION = YES;
				CLANG_WARN_NON_LITERAL_NULL_CONVERSION = YES;
				CLANG_WARN_OBJC_IMPLICIT_RETAIN_SELF = YES;
				CLANG_WARN_OBJC_LITERAL_CONVERSION = YES;
				CLANG_WARN_OBJC_ROOT_CLASS = YES_ERROR;
				CLANG_WARN_QUOTED_INCLUDE_IN_FRAMEWORK_HEADER = YES;
				CLANG_WARN_RANGE_LOOP_ANALYSIS = YES;
				CLANG_WARN_STRICT_PROTOTYPES = YES;
				CLANG_WARN_SUSPICIOUS_MOVE = YES;
				CLANG_WARN_UNGUARDED_AVAILABILITY = YES_AGGRESSIVE;
				CLANG_WARN_UNREACHABLE_CODE = YES;
				CLANG_WARN__DUPLICATE_METHOD_MATCH = YES;
				COPY_PHASE_STRIP = NO;
				DEBUG_INFORMATION_FORMAT = "dwarf-with-dsym";
				ENABLE_NS_ASSERTIONS = NO;
				ENABLE_STRICT_OBJC_MSGSEND = YES;
				GCC_C_LANGUAGE_STANDARD = gnu11;
				GCC_NO_COMMON_BLOCKS = YES;
				GCC_WARN_64_TO_32_BIT_CONVERSION = YES;
				GCC_WARN_ABOUT_RETURN_TYPE = YES_ERROR;
				GCC_WARN_UNDECLARED_SELECTOR = YES;
				GCC_WARN_UNINITIALIZED_AUTOS = YES_AGGRESSIVE;
				GCC_WARN_UNUSED_FUNCTION = YES;
				GCC_WARN_UNUSED_VARIABLE = YES;
				IPHONEOS_DEPLOYMENT_TARGET = 16.0;
				MTL_ENABLE_DEBUG_INFO = NO;
				MTL_FAST_MATH = YES;
				SDKROOT = iphoneos;
				SWIFT_COMPILATION_MODE = wholemodule;
				SWIFT_OPTIMIZATION_LEVEL = "-O";
				VALIDATE_PRODUCT = YES;
			};
			name = Release;
		};
		A4E214E9298FC3B700CEF4FF /* Debug */ = {
			isa = XCBuildConfiguration;
			baseConfigurationReference = C16C1D8BB4F112FDDC22E744 /* Pods-BitriseSample.debug.xcconfig */;
			buildSettings = {
				ASSETCATALOG_COMPILER_APPICON_NAME = AppIcon;
				ASSETCATALOG_COMPILER_GLOBAL_ACCENT_COLOR_NAME = AccentColor;
				CODE_SIGN_STYLE = Automatic;
				CURRENT_PROJECT_VERSION = 1;
				DEVELOPMENT_ASSET_PATHS = "\"BitriseSample/Preview Content\"";
				ENABLE_PREVIEWS = YES;
				GENERATE_INFOPLIST_FILE = YES;
				INFOPLIST_KEY_UIApplicationSceneManifest_Generation = YES;
				INFOPLIST_KEY_UIApplicationSupportsIndirectInputEvents = YES;
				INFOPLIST_KEY_UILaunchScreen_Generation = YES;
				INFOPLIST_KEY_UISupportedInterfaceOrientations_iPad = "UIInterfaceOrientationPortrait UIInterfaceOrientationPortraitUpsideDown UIInterfaceOrientationLandscapeLeft UIInterfaceOrientationLandscapeRight";
				INFOPLIST_KEY_UISupportedInterfaceOrientations_iPhone = "UIInterfaceOrientationPortrait UIInterfaceOrientationLandscapeLeft UIInterfaceOrientationLandscapeRight";
				LD_RUNPATH_SEARCH_PATHS = (
					"$(inherited)",
					"@executable_path/Frameworks",
				);
				MARKETING_VERSION = 1.0;
				PRODUCT_BUNDLE_IDENTIFIER = parkksfree.BitriseSample;
				PRODUCT_NAME = "$(TARGET_NAME)";
				SWIFT_EMIT_LOC_STRINGS = YES;
				SWIFT_VERSION = 5.0;
				TARGETED_DEVICE_FAMILY = "1,2";
			};
			name = Debug;
		};
		A4E214EA298FC3B700CEF4FF /* Release */ = {
			isa = XCBuildConfiguration;
			baseConfigurationReference = 88FD3A71BCB169BEC7197F49 /* Pods-BitriseSample.release.xcconfig */;
			buildSettings = {
				ASSETCATALOG_COMPILER_APPICON_NAME = AppIcon;
				ASSETCATALOG_COMPILER_GLOBAL_ACCENT_COLOR_NAME = AccentColor;
				CODE_SIGN_STYLE = Automatic;
				CURRENT_PROJECT_VERSION = 1;
				DEVELOPMENT_ASSET_PATHS = "\"BitriseSample/Preview Content\"";
				ENABLE_PREVIEWS = YES;
				GENERATE_INFOPLIST_FILE = YES;
				INFOPLIST_KEY_UIApplicationSceneManifest_Generation = YES;
				INFOPLIST_KEY_UIApplicationSupportsIndirectInputEvents = YES;
				INFOPLIST_KEY_UILaunchScreen_Generation = YES;
				INFOPLIST_KEY_UISupportedInterfaceOrientations_iPad = "UIInterfaceOrientationPortrait UIInterfaceOrientationPortraitUpsideDown UIInterfaceOrientationLandscapeLeft UIInterfaceOrientationLandscapeRight";
				INFOPLIST_KEY_UISupportedInterfaceOrientations_iPhone = "UIInterfaceOrientationPortrait UIInterfaceOrientationLandscapeLeft UIInterfaceOrientationLandscapeRight";
				LD_RUNPATH_SEARCH_PATHS = (
					"$(inherited)",
					"@executable_path/Frameworks",
				);
				MARKETING_VERSION = 1.0;
				PRODUCT_BUNDLE_IDENTIFIER = parkksfree.BitriseSample;
				PRODUCT_NAME = "$(TARGET_NAME)";
				SWIFT_EMIT_LOC_STRINGS = YES;
				SWIFT_VERSION = 5.0;
				TARGETED_DEVICE_FAMILY = "1,2";
			};
			name = Release;
		};
		A4E214F6298FC3DB00CEF4FF /* Debug */ = {
			isa = XCBuildConfiguration;
			baseConfigurationReference = 95196682BFA84B5DFB9EF870 /* Pods-BitriseSampleTests.debug.xcconfig */;
			buildSettings = {
				BUNDLE_LOADER = "$(TEST_HOST)";
				CODE_SIGN_STYLE = Automatic;
				CURRENT_PROJECT_VERSION = 1;
				GENERATE_INFOPLIST_FILE = YES;
				MARKETING_VERSION = 1.0;
				PRODUCT_BUNDLE_IDENTIFIER = parkksfree.BitriseSampleTests;
				PRODUCT_NAME = "$(TARGET_NAME)";
				SWIFT_EMIT_LOC_STRINGS = NO;
				SWIFT_VERSION = 5.0;
				TARGETED_DEVICE_FAMILY = "1,2";
				TEST_HOST = "$(BUILT_PRODUCTS_DIR)/BitriseSample.app/$(BUNDLE_EXECUTABLE_FOLDER_PATH)/BitriseSample";
			};
			name = Debug;
		};
		A4E214F7298FC3DB00CEF4FF /* Release */ = {
			isa = XCBuildConfiguration;
			baseConfigurationReference = CE4FE3C3672F4296F390FC77 /* Pods-BitriseSampleTests.release.xcconfig */;
			buildSettings = {
				BUNDLE_LOADER = "$(TEST_HOST)";
				CODE_SIGN_STYLE = Automatic;
				CURRENT_PROJECT_VERSION = 1;
				GENERATE_INFOPLIST_FILE = YES;
				MARKETING_VERSION = 1.0;
				PRODUCT_BUNDLE_IDENTIFIER = parkksfree.BitriseSampleTests;
				PRODUCT_NAME = "$(TARGET_NAME)";
				SWIFT_EMIT_LOC_STRINGS = NO;
				SWIFT_VERSION = 5.0;
				TARGETED_DEVICE_FAMILY = "1,2";
				TEST_HOST = "$(BUILT_PRODUCTS_DIR)/BitriseSample.app/$(BUNDLE_EXECUTABLE_FOLDER_PATH)/BitriseSample";
			};
			name = Release;
		};
/* End XCBuildConfiguration section */

/* Begin XCConfigurationList section */
		A4E214D5298FC3B600CEF4FF /* Build configuration list for PBXProject "BitriseSample" */ = {
			isa = XCConfigurationList;
			buildConfigurations = (
				A4E214E6298FC3B700CEF4FF /* Debug */,
				A4E214E7298FC3B700CEF4FF /* Release */,
			);
			defaultConfigurationIsVisible = 0;
			defaultConfigurationName = Release;
		};
		A4E214E8298FC3B700CEF4FF /* Build configuration list for PBXNativeTarget "BitriseSample" */ = {
			isa = XCConfigurationList;
			buildConfigurations = (
				A4E214E9298FC3B700CEF4FF /* Debug */,
				A4E214EA298FC3B700CEF4FF /* Release */,
			);
			defaultConfigurationIsVisible = 0;
			defaultConfigurationName = Release;
		};
		A4E214F5298FC3DB00CEF4FF /* Build configuration list for PBXNativeTarget "BitriseSampleTests" */ = {
			isa = XCConfigurationList;
			buildConfigurations = (
				A4E214F6298FC3DB00CEF4FF /* Debug */,
				A4E214F7298FC3DB00CEF4FF /* Release */,
			);
			defaultConfigurationIsVisible = 0;
			defaultConfigurationName = Release;
		};
/* End XCConfigurationList section */
	};
	rootObject = A4E214D2298FC3B600CEF4FF /* Project object */;
}
